<Solution>
  <Folder Name="/samples/">
    <Project Path="samples/FsBulletML2.Bullets.Dsl/FsBulletML2.Bullets.Dsl.fsproj" />
    <Project Path="samples/FsBulletML2.Bullets/FsBulletML2.Bullets.fsproj" />
    <Project Path="samples/FsBulletML2.Sample.MonoGame.CSharp/FsBulletML2.Sample.MonoGame.CSharp.csproj" />
    <Project Path="samples/FsBulletML2.Sample.MonoGame.Font/FsBulletML2.Sample.MonoGame.Font.csproj" />
    <Project Path="samples/FsBulletML2.Sample.MonoGame.FSharp/FsBulletML2.Sample.MonoGame.FSharp.fsproj" />
    <Project Path="samples/FsBulletML2.Sample.Unity2D.FSharp/FsBulletML2.Sample.Unity2D.FSharp/FsBulletML2.Sample.Unity2D.FSharp.fsproj" />
  </Folder>
  <Folder Name="/src/">
    <Project Path="src/FsBulletML2.Core/FsBulletML2.Core.fsproj" />
    <Project Path="src/FsBulletML2.Dsl/FsBulletML2.Dsl.fsproj" />
    <Project Path="src/FsBulletML2.MonoGame/FsBulletML2.MonoGame.fsproj" />
    <Project Path="src/FsBulletML2.Parser/FsBulletML2.Parser.fsproj" />
    <Project Path="src/FsBulletML2.Unity2D/FsBulletML2.Unity2D.fsproj" />
    <Project Path="src/UnityEngine.Stub/UnityEngine.Stub.csproj" />
  </Folder>
  <Folder Name="/tests/">
    <Project Path="tests/FsBulletML2.Core.Tests/FsBulletML2.Core.Tests.fsproj" />
    <Project Path="tests/FsBulletML2.Parser.Tests/FsBulletML2.Parser.Tests.fsproj" />
  </Folder>
</Solution>
