<Solution>
  <Folder Name="/.nuget/">
    <File Path=".nuget/NuGet.Config" />
    <File Path=".nuget/NuGet.exe" />
    <File Path=".nuget/NuGet.targets" />
  </Folder>
  <Folder Name="/bench/">
    <Project Path="bench/FsBulletML2.Benchmarks/FsBulletML2.Benchmarks.fsproj" />
  </Folder>
  <Folder Name="/samples/">
    <Project Path="samples/FsBulletML2.Bullets/FsBulletML2.Bullets.fsproj" />
    <Project Path="samples/FsBulletML2.Sample.MonoGame.CSharp/FsBulletML2.Sample.MonoGame.CSharp.csproj" />
    <Project Path="samples/FsBulletML2.Sample.Unity2D.CSharp.Compile/FsBulletML2.Sample.Unity2D.CSharp.Compile.csproj" />
    <Project Path="samples/FsBulletML2.Sample.MonoGame.Font/FsBulletML2.Sample.MonoGame.Font.csproj" />
    <Project Path="samples/FsBulletML2.Sample.MonoGame.FSharp/FsBulletML2.Sample.MonoGame.FSharp.fsproj" />
    <Project Path="samples/FsBulletML2.Sample.TypeProviders.Debug/FsBulletML2.Sample.TypeProviders.Debug.fsproj" />
    <Project Path="samples/FsBulletML2.Sample.Unity2D.FSharp/FsBulletML2.Sample.Unity2D.FSharp/FsBulletML2.Sample.Unity2D.FSharp.fsproj" />
  </Folder>
  <Folder Name="/src/">
    <Project Path="src/FsBulletML2.Bullets.Dsl/FsBulletML2.Bullets.Dsl.fsproj" />
    <Project Path="src/FsBulletML2.Core/FsBulletML2.Core.fsproj" />
    <Project Path="src/FsBulletML2.Dsl/FsBulletML2.Dsl.fsproj" />
    <Project Path="src/FsBulletML2.Front/FsBulletML2.Front.fsproj" />
    <Project Path="src/FsBulletML2.LanguageService/FsBulletML2.LanguageService.fsproj" />
    <Project Path="src/FsBulletML2.LanguageService.Host/FsBulletML2.LanguageService.Host.fsproj" />
    <Project Path="src/FsBulletML2.LanguageService.Js/FsBulletML2.LanguageService.Js.fsproj" />
    <Project Path="src/FsBulletML2.MonoGame/FsBulletML2.MonoGame.fsproj" />
    <Project Path="src/FsBulletML2.Parser/FsBulletML2.Parser.fsproj" />
    <Project Path="src/FsBulletML2.Playground/FsBulletML2.Playground.fsproj" />
    <Project Path="src/FsBulletML2.Playground/fable/FsBulletML2.Playground.Js.fsproj" />
    <Project Path="src/FsBulletML2.TypeProviders/FsBulletML2.TypeProviders.fsproj" />
    <Project Path="src/FsBulletML2.Unity2D/FsBulletML2.Unity2D.fsproj" />


    <Project Path="src/Unity.Collections.Stub/Unity.Collections.Stub.csproj" />
    <Project Path="src/Unity.Entities.Graphics.Stub/Unity.Entities.Graphics.Stub.csproj" />
    <Project Path="src/Unity.Entities.Stub/Unity.Entities.Stub.csproj" />
    <Project Path="src/Unity.Mathematics.Stub/Unity.Mathematics.Stub.csproj" />
    <Project Path="src/Unity.RenderPipelines.Universal.Runtime.Stub/Unity.RenderPipelines.Universal.Runtime.Stub.csproj" />
    <Project Path="src/Unity.Transforms.Stub/Unity.Transforms.Stub.csproj" />
    <Project Path="src/UnityEngine.Stub/UnityEngine.Stub.csproj" />
  </Folder>
  <Folder Name="/tools/">
    <Project Path="tools/StubShapeCheck/StubShapeCheck.csproj" />
  </Folder>
  <Folder Name="/tests/">
    <Project Path="tests/FsBulletML2.Core.Tests/FsBulletML2.Core.Tests.fsproj" />
    <Project Path="tests/FsBulletML2.Dsl.Tests/FsBulletML2.Dsl.Tests.fsproj" />
    <Project Path="tests/FsBulletML2.Front.Tests/FsBulletML2.Front.Tests.fsproj" />
    <Project Path="tests/FsBulletML2.MonoGame.Tests/FsBulletML2.MonoGame.Tests.fsproj" />
    <Project Path="tests/FsBulletML2.Parser.Tests/FsBulletML2.Parser.Tests.fsproj" />
    <Project Path="tests/FsBulletML2.TypeProviders.Tests/FsBulletML2.TypeProviders.Tests.fsproj" />
    <Project Path="tests/FsBulletML2.Unity2D.Tests/FsBulletML2.Unity2D.Tests.fsproj" />
  </Folder>
</Solution>
